
Microsoft Visual Studio Solution File, Format Version 12.00
# Visual Studio Version 16
VisualStudioVersion = 16.0.30611.23
MinimumVisualStudioVersion = 10.0.40219.1
Project("{2150E333-8FDC-42A3-9474-1A3956D46DE8}") = "1-Presentation", "1-Presentation", "{F858AB28-688A-473B-B027-C38EE68E27EB}"
EndProject
Project("{2150E333-8FDC-42A3-9474-1A3956D46DE8}") = "2-Services", "2-Services", "{1A120417-83FB-4604-86B1-8ED2C9E28C65}"
EndProject
Project("{2150E333-8FDC-42A3-9474-1A3956D46DE8}") = "3-Application", "3-Application", "{5E18EBC6-5BCF-4337-9110-A39D687E2F12}"
EndProject
Project("{2150E333-8FDC-42A3-9474-1A3956D46DE8}") = "4-Domain", "4-Domain", "{42A35475-ABCF-4F14-96DC-A2714A04221A}"
EndProject
Project("{2150E333-8FDC-42A3-9474-1A3956D46DE8}") = "5-Infra", "5-Infra", "{AEE998FF-C9A7-485D-B773-19939C63E5AD}"
EndProject
Project("{2150E333-8FDC-42A3-9474-1A3956D46DE8}") = "5.1-Repository", "5.1-Repository", "{64AB0099-20CC-4124-956A-27DEBC990D5C}"
EndProject
Project("{2150E333-8FDC-42A3-9474-1A3956D46DE8}") = "5.2-CrossCutting", "5.2-CrossCutting", "{000F3DDC-F7B3-4FFE-BA59-43A54CB8BB2D}"
EndProject
Project("{FAE04EC0-301F-11D3-BF4B-00C04F79EFBC}") = "BillsToPay.Services.Rest", "BillsToPay.Services.Rest\BillsToPay.Services.Rest.csproj", "{634A78CC-C9F4-4FDD-A835-C3979F650F0D}"
EndProject
Project("{9A19103F-16F7-4668-BE54-9A1E7A4F7556}") = "BillsToPay.Application", "BillsToPay.Application\BillsToPay.Application.csproj", "{7982027D-7887-4C94-9E0B-188BC37644E1}"
EndProject
Project("{FAE04EC0-301F-11D3-BF4B-00C04F79EFBC}") = "BillsToPay.Domain", "BillsToPay.Domain\BillsToPay.Domain.csproj", "{E6FDAC0E-2D65-43C1-84BF-3FE3E18FD11C}"
EndProject
Project("{9A19103F-16F7-4668-BE54-9A1E7A4F7556}") = "BillsToPay.Repository.MySql", "BillsToPay.Repository.MySql\BillsToPay.Repository.MySql.csproj", "{00AC7B1D-EF63-4C17-86CF-AE43BA872368}"
EndProject
Project("{FAE04EC0-301F-11D3-BF4B-00C04F79EFBC}") = "BillsToPay.IoC", "BillsToPay.IoC\BillsToPay.IoC.csproj", "{DF5795D7-6B81-4F7C-8903-6DA717F9B2EF}"
EndProject
Global
	GlobalSection(SolutionConfigurationPlatforms) = preSolution
		Debug|Any CPU = Debug|Any CPU
		Release|Any CPU = Release|Any CPU
	EndGlobalSection
	GlobalSection(ProjectConfigurationPlatforms) = postSolution
		{634A78CC-C9F4-4FDD-A835-C3979F650F0D}.Debug|Any CPU.ActiveCfg = Debug|Any CPU
		{634A78CC-C9F4-4FDD-A835-C3979F650F0D}.Debug|Any CPU.Build.0 = Debug|Any CPU
		{634A78CC-C9F4-4FDD-A835-C3979F650F0D}.Release|Any CPU.ActiveCfg = Release|Any CPU
		{634A78CC-C9F4-4FDD-A835-C3979F650F0D}.Release|Any CPU.Build.0 = Release|Any CPU
		{7982027D-7887-4C94-9E0B-188BC37644E1}.Debug|Any CPU.ActiveCfg = Debug|Any CPU
		{7982027D-7887-4C94-9E0B-188BC37644E1}.Debug|Any CPU.Build.0 = Debug|Any CPU
		{7982027D-7887-4C94-9E0B-188BC37644E1}.Release|Any CPU.ActiveCfg = Release|Any CPU
		{7982027D-7887-4C94-9E0B-188BC37644E1}.Release|Any CPU.Build.0 = Release|Any CPU
		{E6FDAC0E-2D65-43C1-84BF-3FE3E18FD11C}.Debug|Any CPU.ActiveCfg = Debug|Any CPU
		{E6FDAC0E-2D65-43C1-84BF-3FE3E18FD11C}.Debug|Any CPU.Build.0 = Debug|Any CPU
		{E6FDAC0E-2D65-43C1-84BF-3FE3E18FD11C}.Release|Any CPU.ActiveCfg = Release|Any CPU
		{E6FDAC0E-2D65-43C1-84BF-3FE3E18FD11C}.Release|Any CPU.Build.0 = Release|Any CPU
		{00AC7B1D-EF63-4C17-86CF-AE43BA872368}.Debug|Any CPU.ActiveCfg = Debug|Any CPU
		{00AC7B1D-EF63-4C17-86CF-AE43BA872368}.Debug|Any CPU.Build.0 = Debug|Any CPU
		{00AC7B1D-EF63-4C17-86CF-AE43BA872368}.Release|Any CPU.ActiveCfg = Release|Any CPU
		{00AC7B1D-EF63-4C17-86CF-AE43BA872368}.Release|Any CPU.Build.0 = Release|Any CPU
		{DF5795D7-6B81-4F7C-8903-6DA717F9B2EF}.Debug|Any CPU.ActiveCfg = Debug|Any CPU
		{DF5795D7-6B81-4F7C-8903-6DA717F9B2EF}.Debug|Any CPU.Build.0 = Debug|Any CPU
		{DF5795D7-6B81-4F7C-8903-6DA717F9B2EF}.Release|Any CPU.ActiveCfg = Release|Any CPU
		{DF5795D7-6B81-4F7C-8903-6DA717F9B2EF}.Release|Any CPU.Build.0 = Release|Any CPU
	EndGlobalSection
	GlobalSection(SolutionProperties) = preSolution
		HideSolutionNode = FALSE
	EndGlobalSection
	GlobalSection(NestedProjects) = preSolution
		{64AB0099-20CC-4124-956A-27DEBC990D5C} = {AEE998FF-C9A7-485D-B773-19939C63E5AD}
		{000F3DDC-F7B3-4FFE-BA59-43A54CB8BB2D} = {AEE998FF-C9A7-485D-B773-19939C63E5AD}
		{634A78CC-C9F4-4FDD-A835-C3979F650F0D} = {1A120417-83FB-4604-86B1-8ED2C9E28C65}
		{7982027D-7887-4C94-9E0B-188BC37644E1} = {5E18EBC6-5BCF-4337-9110-A39D687E2F12}
		{E6FDAC0E-2D65-43C1-84BF-3FE3E18FD11C} = {42A35475-ABCF-4F14-96DC-A2714A04221A}
		{00AC7B1D-EF63-4C17-86CF-AE43BA872368} = {64AB0099-20CC-4124-956A-27DEBC990D5C}
		{DF5795D7-6B81-4F7C-8903-6DA717F9B2EF} = {000F3DDC-F7B3-4FFE-BA59-43A54CB8BB2D}
	EndGlobalSection
	GlobalSection(ExtensibilityGlobals) = postSolution
		SolutionGuid = {5AB0B94B-A626-4390-B36B-374A1E4128B9}
	EndGlobalSection
EndGlobal
